{
  "name": "@mattermost/desktop-api",
  "version": "5.8.0-5",
  "lockfileVersion": 3,
  "requires": true,
  "packages": {
    "": {
      "name": "@mattermost/desktop-api",
      "version": "5.8.0-5",
      "license": "MIT",
      "peerDependencies": {
        "typescript": "^4.3.0 || ^5.0.0"
      },
      "peerDependenciesMeta": {
        "typescript": {
          "optional": true
        }
      }
    }
  }
}
