{
  "name": "@mattermost/desktop-api-types",
  "version": "5.7.0",
  "lockfileVersion": 3,
  "requires": true,
  "packages": {
    "": {
      "name": "@mattermost/desktop-api-types",
      "version": "5.7.0",
      "license": "MIT",
      "peerDependencies": {
        "typescript": "^4.3"
      },
      "peerDependenciesMeta": {
        "typescript": {
          "optional": true
        }
      }
    }
  }
}
