{
  "name": "mattermost-desktop",
  "version": "4.3.2",
  "lockfileVersion": 1,
  "requires": true,
  "dependencies": {
    "7zip": {
      "version": "0.0.6",
      "resolved": "https://registry.npmjs.org/7zip/-/7zip-0.0.6.tgz",
      "integrity": "sha1-nK+xca+CMpSQNTtIFvAzR6oVCjA="
    },
    "@babel/runtime": {
      "version": "7.2.0",
      "resolved": "https://registry.npmjs.org/@babel/runtime/-/runtime-7.2.0.tgz",
      "integrity": "sha512-oouEibCbHMVdZSDlJBO6bZmID/zA/G/Qx3H1d3rSNPTD+L8UNKvCat7aKWSJ74zYbm5zWGh0GQN0hKj8zYFTCg==",
      "requires": {
        "regenerator-runtime": "^0.12.0"
      }
    },
    "@babel/runtime-corejs2": {
      "version": "7.2.0",
      "resolved": "https://registry.npmjs.org/@babel/runtime-corejs2/-/runtime-corejs2-7.2.0.tgz",
      "integrity": "sha512-kPfmKoRI8Hpo5ZJGACWyrc9Eq1j3ZIUpUAQT2yH045OuYpccFJ9kYA/eErwzOM2jeBG1sC8XX1nl1EArtuM8tg==",
      "requires": {
        "core-js": "^2.5.7",
        "regenerator-runtime": "^0.12.0"
      }
    },
    "@hapi/address": {
      "version": "2.0.0",
      "resolved": "https://registry.npmjs.org/@hapi/address/-/address-2.0.0.tgz",
      "integrity": "sha512-mV6T0IYqb0xL1UALPFplXYQmR0twnXG0M6jUswpquqT2sD12BOiCiLy3EvMp/Fy7s3DZElC4/aPjEjo2jeZpvw=="
    },
    "@hapi/hoek": {
      "version": "6.2.4",
      "resolved": "https://registry.npmjs.org/@hapi/hoek/-/hoek-6.2.4.tgz",
      "integrity": "sha512-HOJ20Kc93DkDVvjwHyHawPwPkX44sIrbXazAUDiUXaY2R9JwQGo2PhFfnQtdrsIe4igjG2fPgMra7NYw7qhy0A=="
    },
    "@hapi/joi": {
      "version": "15.1.0",
      "resolved": "https://registry.npmjs.org/@hapi/joi/-/joi-15.1.0.tgz",
      "integrity": "sha512-n6kaRQO8S+kepUTbXL9O/UOL788Odqs38/VOfoCrATDtTvyfiO3fgjlSRaNkHabpTLgM7qru9ifqXlXbXk8SeQ==",
      "requires": {
        "@hapi/address": "2.x.x",
        "@hapi/hoek": "6.x.x",
        "@hapi/marker": "1.x.x",
        "@hapi/topo": "3.x.x"
      }
    },
    "@hapi/marker": {
      "version": "1.0.0",
      "resolved": "https://registry.npmjs.org/@hapi/marker/-/marker-1.0.0.tgz",
      "integrity": "sha512-JOfdekTXnJexfE8PyhZFyHvHjt81rBFSAbTIRAhF2vv/2Y1JzoKsGqxH/GpZJoF7aEfYok8JVcAHmSz1gkBieA=="
    },
    "@hapi/topo": {
      "version": "3.1.2",
      "resolved": "https://registry.npmjs.org/@hapi/topo/-/topo-3.1.2.tgz",
      "integrity": "sha512-r+aumOqJ5QbD6aLPJWqVjMAPsx5pZKz+F5yPqXZ/WWG9JTtHbQqlzrJoknJ0iJxLj9vlXtmpSdjlkszseeG8OA==",
      "requires": {
        "@hapi/hoek": "8.x.x"
      },
      "dependencies": {
        "@hapi/hoek": {
          "version": "8.0.2",
          "resolved": "https://registry.npmjs.org/@hapi/hoek/-/hoek-8.0.2.tgz",
          "integrity": "sha512-O6o6mrV4P65vVccxymuruucb+GhP2zl9NLCG8OdoFRS8BEGw3vwpPp20wpAtpbQQxz1CEUtmxJGgWhjq1XA3qw=="
        }
      }
    },
    "ansi-regex": {
      "version": "2.1.1",
      "resolved": "https://registry.npmjs.org/ansi-regex/-/ansi-regex-2.1.1.tgz",
      "integrity": "sha1-w7M6te42DYbg5ijwRorn7yfWVN8="
    },
    "ansi-styles": {
      "version": "3.2.1",
      "resolved": "https://registry.npmjs.org/ansi-styles/-/ansi-styles-3.2.1.tgz",
      "integrity": "sha512-VT0ZI6kZRdTh8YyJw3SMbYm/u+NqfsAxEpWO0Pf9sq8/e94WxxOpPKx9FR1FlyCtOVDNOQ+8ntlqFxiRc+r5qA==",
      "requires": {
        "color-convert": "^1.9.0"
      }
    },
    "applescript": {
      "version": "1.0.0",
      "resolved": "https://registry.npmjs.org/applescript/-/applescript-1.0.0.tgz",
      "integrity": "sha1-u4evVoytA0pOSMS9r2Bno6JwExc="
    },
    "argparse": {
      "version": "1.0.10",
      "resolved": "https://registry.npmjs.org/argparse/-/argparse-1.0.10.tgz",
      "integrity": "sha512-o5Roy6tNG4SL/FOkCAN6RzjiakZS25RLYFrcMttJqbdd8BWrnA+fGz57iN5Pb06pvBGvl5gQ0B48dJlslXvoTg==",
      "requires": {
        "sprintf-js": "~1.0.2"
      }
    },
    "astral-regex": {
      "version": "1.0.0",
      "resolved": "https://registry.npmjs.org/astral-regex/-/astral-regex-1.0.0.tgz",
      "integrity": "sha512-+Ryf6g3BKoRc7jfp7ad8tM4TtMiaWvbF/1/sQcZPkkS7ag3D5nMBCe2UfOTONtAkaG0tO0ij3C5Lwmf1EiyjHg=="
    },
    "auto-launch": {
      "version": "5.0.5",
      "resolved": "https://registry.npmjs.org/auto-launch/-/auto-launch-5.0.5.tgz",
      "integrity": "sha512-ppdF4mihhYzMYLuCcx9H/c5TUOCev8uM7en53zWVQhyYAJrurd2bFZx3qQVeJKF2jrc7rsPRNN5cD+i23l6PdA==",
      "requires": {
        "applescript": "^1.0.0",
        "mkdirp": "^0.5.1",
        "path-is-absolute": "^1.0.0",
        "untildify": "^3.0.2",
        "winreg": "1.2.4"
      }
    },
    "balanced-match": {
      "version": "1.0.0",
      "resolved": "https://registry.npmjs.org/balanced-match/-/balanced-match-1.0.0.tgz",
      "integrity": "sha1-ibTRmasr7kneFk6gK4nORi1xt2c="
    },
    "binary": {
      "version": "0.3.0",
      "resolved": "https://registry.npmjs.org/binary/-/binary-0.3.0.tgz",
      "integrity": "sha1-n2BVO8XOjDOG87VTz/R0Yq3sqnk=",
      "requires": {
        "buffers": "~0.1.1",
        "chainsaw": "~0.1.0"
      }
    },
    "binarysearch": {
      "version": "0.2.4",
      "resolved": "https://registry.npmjs.org/binarysearch/-/binarysearch-0.2.4.tgz",
      "integrity": "sha1-Ru8+A/1FKekyhmLmjkAyjnoL8qw="
    },
    "bluebird": {
      "version": "3.5.3",
      "resolved": "https://registry.npmjs.org/bluebird/-/bluebird-3.5.3.tgz",
      "integrity": "sha512-/qKPUQlaW1OyR51WeCPBvRnAlnZFUJkCSG5HzGnuIqhgyJtF+T94lFnn33eiazjRm2LAHVy2guNnaq48X9SJuw=="
    },
    "bluebird-lst": {
      "version": "1.0.6",
      "resolved": "https://registry.npmjs.org/bluebird-lst/-/bluebird-lst-1.0.6.tgz",
      "integrity": "sha512-CBWFoPuUPpcvMUxfyr8DKdI5d4kjxFl1h39+VbKxP3KJWJHEsLtuT4pPLkjpxCGU6Ask21tvbnftWXdqIxYldQ==",
      "requires": {
        "bluebird": "^3.5.2"
      }
    },
    "bootstrap": {
      "version": "3.4.1",
      "resolved": "https://registry.npmjs.org/bootstrap/-/bootstrap-3.4.1.tgz",
      "integrity": "sha512-yN5oZVmRCwe5aKwzRj6736nSmKDX7pLYwsXiCj/EYmo16hODaBiT4En5btW/jhBF/seV+XMx3aYwukYC3A49DA=="
    },
    "brace-expansion": {
      "version": "1.1.11",
      "resolved": "https://registry.npmjs.org/brace-expansion/-/brace-expansion-1.1.11.tgz",
      "integrity": "sha512-iCuPHDFgrHX7H2vEI/5xpz07zSHB00TpugqhmYtVmMO6518mCuRMoOYFldEBl0g187ufozdaHgWKcYFb61qGiA==",
      "requires": {
        "balanced-match": "^1.0.0",
        "concat-map": "0.0.1"
      }
    },
    "buffer-from": {
      "version": "1.1.1",
      "resolved": "https://registry.npmjs.org/buffer-from/-/buffer-from-1.1.1.tgz",
      "integrity": "sha512-MQcXEUbCKtEo7bhqEs6560Hyd4XaovZlO/k9V3hjVUF/zwW7KBVdSK4gIt/bzwS9MbR5qob+F5jusZsb0YQK2A=="
    },
    "buffers": {
      "version": "0.1.1",
      "resolved": "https://registry.npmjs.org/buffers/-/buffers-0.1.1.tgz",
      "integrity": "sha1-skV5w77U1tOWru5tmorn9Ugqt7s="
    },
    "builder-util-runtime": {
      "version": "8.1.0",
      "resolved": "https://registry.npmjs.org/builder-util-runtime/-/builder-util-runtime-8.1.0.tgz",
      "integrity": "sha512-s1mlJ28mv+56Iebh6c9aXjVe11O3Z0cDTwAGeB0PCcUzHA37fDxGgS8ZGoYNMZP+rBHj21d/od1wuYofTVLaQg==",
      "requires": {
        "bluebird-lst": "^1.0.6",
        "debug": "^4.1.0",
        "fs-extra-p": "^7.0.0",
        "sax": "^1.2.4"
      }
    },
    "camelcase": {
      "version": "2.1.1",
      "resolved": "https://registry.npmjs.org/camelcase/-/camelcase-2.1.1.tgz",
      "integrity": "sha1-fB0W1nmhu+WcoCys7PsBHiAfWh8="
    },
    "chainsaw": {
      "version": "0.1.0",
      "resolved": "https://registry.npmjs.org/chainsaw/-/chainsaw-0.1.0.tgz",
      "integrity": "sha1-XqtQsor+WAdNDVgpE4iCi15fvJg=",
      "requires": {
        "traverse": ">=0.3.0 <0.4"
      }
    },
    "classnames": {
      "version": "2.2.6",
      "resolved": "https://registry.npmjs.org/classnames/-/classnames-2.2.6.tgz",
      "integrity": "sha512-JR/iSQOSt+LQIWwrwEzJ9uk0xfN3mTVYMwt1Ir5mUcSN6pU+V4zQFFaJsclJbPuAUQH+yfWef6tm7l1quW3C8Q=="
    },
    "cli-truncate": {
      "version": "2.0.0",
      "resolved": "https://registry.npmjs.org/cli-truncate/-/cli-truncate-2.0.0.tgz",
      "integrity": "sha512-C4hp+8GCIFVsUUiXcw+ce+7wexVWImw8rQrgMBFsqerx9LvvcGlwm6sMjQYAEmV/Xb87xc1b5Ttx505MSpZVqg==",
      "requires": {
        "slice-ansi": "^2.1.0",
        "string-width": "^4.1.0"
      },
      "dependencies": {
        "ansi-regex": {
          "version": "4.1.0",
          "resolved": "https://registry.npmjs.org/ansi-regex/-/ansi-regex-4.1.0.tgz",
          "integrity": "sha512-1apePfXM1UOSqw0o9IiFAovVz9M5S1Dg+4TrDwfMewQ6p/rmMueb7tWZjQ1rx4Loy1ArBggoqGpfqqdI4rondg=="
        },
        "is-fullwidth-code-point": {
          "version": "3.0.0",
          "resolved": "https://registry.npmjs.org/is-fullwidth-code-point/-/is-fullwidth-code-point-3.0.0.tgz",
          "integrity": "sha512-zymm5+u+sCsSWyD9qNaejV3DFvhCKclKdizYaJUuHA83RLjb7nSuGnddCHGv0hk+KY7BMAlsWeK4Ueg6EV6XQg=="
        },
        "string-width": {
          "version": "4.1.0",
          "resolved": "https://registry.npmjs.org/string-width/-/string-width-4.1.0.tgz",
          "integrity": "sha512-NrX+1dVVh+6Y9dnQ19pR0pP4FiEIlUvdTGn8pw6CKTNq5sgib2nIhmUNT5TAmhWmvKr3WcxBcP3E8nWezuipuQ==",
          "requires": {
            "emoji-regex": "^8.0.0",
            "is-fullwidth-code-point": "^3.0.0",
            "strip-ansi": "^5.2.0"
          }
        },
        "strip-ansi": {
          "version": "5.2.0",
          "resolved": "https://registry.npmjs.org/strip-ansi/-/strip-ansi-5.2.0.tgz",
          "integrity": "sha512-DuRs1gKbBqsMKIZlrffwlug8MHkcnpjs5VPmL1PAh+mA30U0DTotfDZ0d2UUsXpPmPmMMJ6W773MaA3J+lbiWA==",
          "requires": {
            "ansi-regex": "^4.1.0"
          }
        }
      }
    },
    "cliui": {
      "version": "3.2.0",
      "resolved": "https://registry.npmjs.org/cliui/-/cliui-3.2.0.tgz",
      "integrity": "sha1-EgYBU3qRbSmUD5NNo7SNWFo5IT0=",
      "requires": {
        "string-width": "^1.0.1",
        "strip-ansi": "^3.0.1",
        "wrap-ansi": "^2.0.0"
      }
    },
    "code-point-at": {
      "version": "1.1.0",
      "resolved": "https://registry.npmjs.org/code-point-at/-/code-point-at-1.1.0.tgz",
      "integrity": "sha1-DQcLTQQ6W+ozovGkDi7bPZpMz3c="
    },
    "color-convert": {
      "version": "1.9.3",
      "resolved": "https://registry.npmjs.org/color-convert/-/color-convert-1.9.3.tgz",
      "integrity": "sha512-QfAUtd+vFdAtFQcC8CCyYt1fYWxSqAiK2cSD6zDB8N3cpsEBAvRxp9zOGg6G/SHHJYAT88/az/IuDGALsNVbGg==",
      "requires": {
        "color-name": "1.1.3"
      }
    },
    "color-name": {
      "version": "1.1.3",
      "resolved": "https://registry.npmjs.org/color-name/-/color-name-1.1.3.tgz",
      "integrity": "sha1-p9BVi9icQveV3UIyj3QIMcpTvCU="
    },
    "concat-map": {
      "version": "0.0.1",
      "resolved": "https://registry.npmjs.org/concat-map/-/concat-map-0.0.1.tgz",
      "integrity": "sha1-2Klr13/Wjfd5OnMDajug1UBdR3s="
    },
    "core-js": {
      "version": "2.6.1",
      "resolved": "https://registry.npmjs.org/core-js/-/core-js-2.6.1.tgz",
      "integrity": "sha512-L72mmmEayPJBejKIWe2pYtGis5r0tQ5NaJekdhyXgeMQTpJoBsH0NL4ElY2LfSoV15xeQWKQ+XTTOZdyero5Xg=="
    },
    "cross-unzip": {
      "version": "0.0.2",
      "resolved": "https://registry.npmjs.org/cross-unzip/-/cross-unzip-0.0.2.tgz",
      "integrity": "sha1-UYO8R6CVWb78+YzEZXlkmZNZNy8="
    },
    "damerau-levenshtein": {
      "version": "git://github.com/cbaatz/damerau-levenshtein.git#8d7440a51ae9dc6912e44385115c7cb1da4e8ebc",
      "from": "git://github.com/cbaatz/damerau-levenshtein.git"
    },
    "debug": {
      "version": "4.1.1",
      "resolved": "https://registry.npmjs.org/debug/-/debug-4.1.1.tgz",
      "integrity": "sha512-pYAIzeRo8J6KPEaJ0VWOh5Pzkbw/RetuzehGM7QRRX5he4fPHx2rdKMB256ehJCkX+XRQm16eZLqLNS8RSZXZw==",
      "requires": {
        "ms": "^2.1.1"
      }
    },
    "decamelize": {
      "version": "1.2.0",
      "resolved": "https://registry.npmjs.org/decamelize/-/decamelize-1.2.0.tgz",
      "integrity": "sha1-9lNNFRSCabIDUue+4m9QH5oZEpA="
    },
    "dom-helpers": {
      "version": "3.4.0",
      "resolved": "https://registry.npmjs.org/dom-helpers/-/dom-helpers-3.4.0.tgz",
      "integrity": "sha512-LnuPJ+dwqKDIyotW1VzmOZ5TONUN7CwkCR5hrgawTUbkBGYdeoNLZo6nNfGkCrjtE1nXXaj7iMMpDa8/d9WoIA==",
      "requires": {
        "@babel/runtime": "^7.1.2"
      }
    },
    "electron-context-menu": {
      "version": "0.15.0",
      "resolved": "https://registry.npmjs.org/electron-context-menu/-/electron-context-menu-0.15.0.tgz",
      "integrity": "sha512-XLdtbX90NPkWycG3IzwtCmfX4ggu+lofNOW1nVRStb+ScFs49WTourW1k77Z4DTyThR3gUHg3UPXVBMbW1gNsg==",
      "requires": {
        "cli-truncate": "^2.0.0",
        "electron-dl": "^1.2.0",
        "electron-is-dev": "^1.0.1"
      }
    },
    "electron-devtools-installer": {
      "version": "2.2.4",
      "resolved": "https://registry.npmjs.org/electron-devtools-installer/-/electron-devtools-installer-2.2.4.tgz",
      "integrity": "sha512-b5kcM3hmUqn64+RUcHjjr8ZMpHS2WJ5YO0pnG9+P/RTdx46of/JrEjuciHWux6pE+On6ynWhHJF53j/EDJN0PA==",
      "requires": {
        "7zip": "0.0.6",
        "cross-unzip": "0.0.2",
        "rimraf": "^2.5.2",
        "semver": "^5.3.0"
      }
    },
    "electron-dl": {
      "version": "1.14.0",
      "resolved": "https://registry.npmjs.org/electron-dl/-/electron-dl-1.14.0.tgz",
      "integrity": "sha512-4okyei42a1mLsvLK7hLrIfd20EQzB18nIlLTwBV992aMSmTGLUEFRTmO1MfSslGNrzD8nuPuy1l/VxO8so4lig==",
      "requires": {
        "ext-name": "^5.0.0",
        "pupa": "^1.0.0",
        "unused-filename": "^1.0.0"
      }
    },
    "electron-is-dev": {
      "version": "1.0.1",
      "resolved": "https://registry.npmjs.org/electron-is-dev/-/electron-is-dev-1.0.1.tgz",
      "integrity": "sha512-iwM3EotA9HTXqMGpQRkR/kT8OZqBbdfHTnlwcxsjSLYqY8svvsq0MuujsWCn3/vtgRmDv/PC/gKUUpoZvi5C1w=="
    },
    "electron-log": {
      "version": "2.2.17",
      "resolved": "https://registry.npmjs.org/electron-log/-/electron-log-2.2.17.tgz",
      "integrity": "sha512-v+Af5W5z99ehhaLOfE9eTSXUwjzh2wFlQjz51dvkZ6ZIrET6OB/zAZPvsuwT6tm3t5x+M1r+Ed3U3xtPZYAyuQ=="
    },
    "electron-updater": {
      "version": "4.0.6",
      "resolved": "https://registry.npmjs.org/electron-updater/-/electron-updater-4.0.6.tgz",
      "integrity": "sha512-JPGLME6fxJcHG8hX7HWFl6Aew6iVm0DkcrENreKa5SUJCHG+uUaAhxDGDt+YGcNkyx1uJ6eBGMvFxDTLUv67pg==",
      "requires": {
        "bluebird-lst": "^1.0.6",
        "builder-util-runtime": "~8.1.0",
        "fs-extra-p": "^7.0.0",
        "js-yaml": "^3.12.0",
        "lazy-val": "^1.0.3",
        "lodash.isequal": "^4.5.0",
        "pako": "^1.0.7",
        "semver": "^5.6.0",
        "source-map-support": "^0.5.9"
      },
      "dependencies": {
        "semver": {
          "version": "5.6.0",
          "resolved": "https://registry.npmjs.org/semver/-/semver-5.6.0.tgz",
          "integrity": "sha512-RS9R6R35NYgQn++fkDWaOmqGoj4Ek9gGs+DPxNUZKuwE183xjJroKvyo1IzVFeXvUrvmALy6FWD5xrdJT25gMg=="
        }
      }
    },
    "emoji-regex": {
      "version": "8.0.0",
      "resolved": "https://registry.npmjs.org/emoji-regex/-/emoji-regex-8.0.0.tgz",
      "integrity": "sha512-MSjYzcWNOA0ewAHpz0MxpYFvwg6yjy1NG3xteoqz644VCo/RPgnr1/GGt+ic3iJTzQ8Eu3TdM14SawnVUmGE6A=="
    },
    "esprima": {
      "version": "4.0.1",
      "resolved": "https://registry.npmjs.org/esprima/-/esprima-4.0.1.tgz",
      "integrity": "sha512-eGuFFw7Upda+g4p+QHvnW0RyTX/SVeJBDM/gCtMARO0cLuT2HcEKnTPvhjV6aGeqrCB/sbNop0Kszm0jsaWU4A=="
    },
    "ext-list": {
      "version": "2.2.2",
      "resolved": "https://registry.npmjs.org/ext-list/-/ext-list-2.2.2.tgz",
      "integrity": "sha512-u+SQgsubraE6zItfVA0tBuCBhfU9ogSRnsvygI7wht9TS510oLkBRXBsqopeUG/GBOIQyKZO9wjTqIu/sf5zFA==",
      "requires": {
        "mime-db": "^1.28.0"
      }
    },
    "ext-name": {
      "version": "5.0.0",
      "resolved": "https://registry.npmjs.org/ext-name/-/ext-name-5.0.0.tgz",
      "integrity": "sha512-yblEwXAbGv1VQDmow7s38W77hzAgJAO50ztBLMcUyUBfxv1HC+LGwtiEN+Co6LtlqT/5uwVOxsD4TNIilWhwdQ==",
      "requires": {
        "ext-list": "^2.0.0",
        "sort-keys-length": "^1.0.0"
      }
    },
    "fs-extra": {
      "version": "7.0.1",
      "resolved": "https://registry.npmjs.org/fs-extra/-/fs-extra-7.0.1.tgz",
      "integrity": "sha512-YJDaCJZEnBmcbw13fvdAM9AwNOJwOzrE4pqMqBq5nFiEqXUqHwlK4B+3pUw6JNvfSPtX05xFHtYy/1ni01eGCw==",
      "requires": {
        "graceful-fs": "^4.1.2",
        "jsonfile": "^4.0.0",
        "universalify": "^0.1.0"
      }
    },
    "fs-extra-p": {
      "version": "7.0.0",
      "resolved": "https://registry.npmjs.org/fs-extra-p/-/fs-extra-p-7.0.0.tgz",
      "integrity": "sha512-5tg5jBOd0xIXjwj4PDnafOXL5TyPVzjxLby4DPKev53wurEXp7IsojBaD4Lj5M5w7jxw0pbkEU0fFEPmcKoMnA==",
      "requires": {
        "bluebird-lst": "^1.0.6",
        "fs-extra": "^7.0.0"
      }
    },
    "fs.realpath": {
      "version": "1.0.0",
      "resolved": "https://registry.npmjs.org/fs.realpath/-/fs.realpath-1.0.0.tgz",
      "integrity": "sha1-FQStJSMVjKpA20onh8sBQRmU6k8="
    },
    "glob": {
      "version": "7.1.3",
      "resolved": "https://registry.npmjs.org/glob/-/glob-7.1.3.tgz",
      "integrity": "sha512-vcfuiIxogLV4DlGBHIUOwI0IbrJ8HWPc4MU7HzviGeNho/UJDfi6B5p3sHeWIQ0KGIU0Jpxi5ZHxemQfLkkAwQ==",
      "requires": {
        "fs.realpath": "^1.0.0",
        "inflight": "^1.0.4",
        "inherits": "2",
        "minimatch": "^3.0.4",
        "once": "^1.3.0",
        "path-is-absolute": "^1.0.0"
      }
    },
    "graceful-fs": {
      "version": "4.1.15",
      "resolved": "https://registry.npmjs.org/graceful-fs/-/graceful-fs-4.1.15.tgz",
      "integrity": "sha512-6uHUhOPEBgQ24HM+r6b/QwWfZq+yiFcipKFrOFiBEnWdy5sdzYoi+pJeQaPI5qOLRFqWmAXUPQNsielzdLoecA=="
    },
    "inflight": {
      "version": "1.0.6",
      "resolved": "https://registry.npmjs.org/inflight/-/inflight-1.0.6.tgz",
      "integrity": "sha1-Sb1jMdfQLQwJvJEKEHW6gWW1bfk=",
      "requires": {
        "once": "^1.3.0",
        "wrappy": "1"
      }
    },
    "inherits": {
      "version": "2.0.3",
      "resolved": "https://registry.npmjs.org/inherits/-/inherits-2.0.3.tgz",
      "integrity": "sha1-Yzwsg+PaQqUC9SRmAiSA9CCCYd4="
    },
    "invariant": {
      "version": "2.2.4",
      "resolved": "https://registry.npmjs.org/invariant/-/invariant-2.2.4.tgz",
      "integrity": "sha512-phJfQVBuaJM5raOpJjSfkiD6BpbCE4Ns//LaXl6wGYtUBY83nWS6Rf9tXm2e8VaK60JEjYldbPif/A2B1C2gNA==",
      "requires": {
        "loose-envify": "^1.0.0"
      }
    },
    "invert-kv": {
      "version": "1.0.0",
      "resolved": "https://registry.npmjs.org/invert-kv/-/invert-kv-1.0.0.tgz",
      "integrity": "sha1-EEqOSqym09jNFXqO+L+rLXo//bY="
    },
    "is-fullwidth-code-point": {
      "version": "1.0.0",
      "resolved": "https://registry.npmjs.org/is-fullwidth-code-point/-/is-fullwidth-code-point-1.0.0.tgz",
      "integrity": "sha1-754xOG8DGn8NZDr4L95QxFfvAMs=",
      "requires": {
        "number-is-nan": "^1.0.0"
      }
    },
    "is-plain-obj": {
      "version": "1.1.0",
      "resolved": "https://registry.npmjs.org/is-plain-obj/-/is-plain-obj-1.1.0.tgz",
      "integrity": "sha1-caUMhCnfync8kqOQpKA7OfzVHT4="
    },
    "is-utf8": {
      "version": "0.2.1",
      "resolved": "https://registry.npmjs.org/is-utf8/-/is-utf8-0.2.1.tgz",
      "integrity": "sha1-Sw2hRCEE0bM2NA6AeX6GXPOffXI="
    },
    "js-tokens": {
      "version": "4.0.0",
      "resolved": "https://registry.npmjs.org/js-tokens/-/js-tokens-4.0.0.tgz",
      "integrity": "sha512-RdJUflcE3cUzKiMqQgsCu06FPu9UdIJO0beYbPhHN4k6apgJtifcoCtT9bcxOpYBtpD2kCM6Sbzg4CausW/PKQ=="
    },
    "js-yaml": {
      "version": "3.13.1",
      "resolved": "https://registry.npmjs.org/js-yaml/-/js-yaml-3.13.1.tgz",
      "integrity": "sha512-YfbcO7jXDdyj0DGxYVSlSeQNHbD7XPWvrVWeVUujrQEoZzWJIRrCPoyk6kL6IAjAG2IolMK4T0hNUe0HOUs5Jw==",
      "requires": {
        "argparse": "^1.0.7",
        "esprima": "^4.0.0"
      }
    },
    "jsonfile": {
      "version": "4.0.0",
      "resolved": "https://registry.npmjs.org/jsonfile/-/jsonfile-4.0.0.tgz",
      "integrity": "sha1-h3Gq4HmbZAdrdmQPygWPnBDjPss=",
      "requires": {
        "graceful-fs": "^4.1.6"
      }
    },
    "keycode": {
      "version": "2.2.0",
      "resolved": "https://registry.npmjs.org/keycode/-/keycode-2.2.0.tgz",
      "integrity": "sha1-PQr1bce4uOXLqNCpfxByBO7CKwQ="
    },
    "lazy-val": {
      "version": "1.0.3",
      "resolved": "https://registry.npmjs.org/lazy-val/-/lazy-val-1.0.3.tgz",
      "integrity": "sha512-pjCf3BYk+uv3ZcPzEVM0BFvO9Uw58TmlrU0oG5tTrr9Kcid3+kdKxapH8CjdYmVa2nO5wOoZn2rdvZx2PKj/xg=="
    },
    "lcid": {
      "version": "1.0.0",
      "resolved": "https://registry.npmjs.org/lcid/-/lcid-1.0.0.tgz",
      "integrity": "sha1-MIrMr6C8SDo4Z7S28rlQYlHRuDU=",
      "requires": {
        "invert-kv": "^1.0.0"
      }
    },
    "lodash.isequal": {
      "version": "4.5.0",
      "resolved": "https://registry.npmjs.org/lodash.isequal/-/lodash.isequal-4.5.0.tgz",
      "integrity": "sha1-QVxEePK8wwEgwizhDtMib30+GOA="
    },
    "loose-envify": {
      "version": "1.4.0",
      "resolved": "https://registry.npmjs.org/loose-envify/-/loose-envify-1.4.0.tgz",
      "integrity": "sha512-lyuxPGr/Wfhrlem2CL/UcnUc1zcqKAImBDzukY7Y5F/yQiNdko6+fRLevlw1HgMySw7f611UIY408EtxRSoK3Q==",
      "requires": {
        "js-tokens": "^3.0.0 || ^4.0.0"
      }
    },
    "mime-db": {
      "version": "1.42.0",
      "resolved": "https://registry.npmjs.org/mime-db/-/mime-db-1.42.0.tgz",
      "integrity": "sha512-UbfJCR4UAVRNgMpfImz05smAXK7+c+ZntjaA26ANtkXLlOe947Aag5zdIcKQULAiF9Cq4WxBi9jUs5zkA84bYQ=="
    },
    "minimatch": {
      "version": "3.0.4",
      "resolved": "https://registry.npmjs.org/minimatch/-/minimatch-3.0.4.tgz",
      "integrity": "sha512-yJHVQEhyqPLUTgt9B83PXu6W3rx4MvvHvSUvToogpwoGDOUQ+yDrR0HRot+yOCdCO7u4hX3pWft6kWBBcqh0UA==",
      "requires": {
        "brace-expansion": "^1.1.7"
      }
    },
    "minimist": {
      "version": "0.0.8",
      "resolved": "https://registry.npmjs.org/minimist/-/minimist-0.0.8.tgz",
      "integrity": "sha1-hX/Kv8M5fSYluCKCYuhqp6ARsF0="
    },
    "mkdirp": {
      "version": "0.5.1",
      "resolved": "https://registry.npmjs.org/mkdirp/-/mkdirp-0.5.1.tgz",
      "integrity": "sha1-MAV0OOrGz3+MR2fzhkjWaX11yQM=",
      "requires": {
        "minimist": "0.0.8"
      }
    },
    "modify-filename": {
      "version": "1.1.0",
      "resolved": "https://registry.npmjs.org/modify-filename/-/modify-filename-1.1.0.tgz",
      "integrity": "sha1-mi3sg4Bvuy2XXyK+7IWcoms5OqE="
    },
    "ms": {
      "version": "2.1.1",
      "resolved": "https://registry.npmjs.org/ms/-/ms-2.1.1.tgz",
      "integrity": "sha512-tgp+dl5cGk28utYktBsrFqA7HKgrhgPsg6Z/EfhWI4gl1Hwq8B/GmY/0oXZ6nF8hDVesS/FpnYaD/kOWhYQvyg=="
    },
    "number-is-nan": {
      "version": "1.0.1",
      "resolved": "https://registry.npmjs.org/number-is-nan/-/number-is-nan-1.0.1.tgz",
      "integrity": "sha1-CXtgK1NCKlIsGvuHkDGDNpQaAR0="
    },
    "object-assign": {
      "version": "4.1.1",
      "resolved": "https://registry.npmjs.org/object-assign/-/object-assign-4.1.1.tgz",
      "integrity": "sha1-IQmtx5ZYh8/AXLvUQsrIv7s2CGM="
    },
    "once": {
      "version": "1.4.0",
      "resolved": "https://registry.npmjs.org/once/-/once-1.4.0.tgz",
      "integrity": "sha1-WDsap3WWHUsROsF9nFC6753Xa9E=",
      "requires": {
        "wrappy": "1"
      }
    },
    "os-locale": {
      "version": "1.4.0",
      "resolved": "https://registry.npmjs.org/os-locale/-/os-locale-1.4.0.tgz",
      "integrity": "sha1-IPnxeuKe00XoveWDsT0gCYA8FNk=",
      "requires": {
        "lcid": "^1.0.0"
      }
    },
    "pako": {
      "version": "1.0.7",
      "resolved": "https://registry.npmjs.org/pako/-/pako-1.0.7.tgz",
      "integrity": "sha512-3HNK5tW4x8o5mO8RuHZp3Ydw9icZXx0RANAOMzlMzx7LVXhMJ4mo3MOBpzyd7r/+RUu8BmndP47LXT+vzjtWcQ=="
    },
    "path-exists": {
      "version": "3.0.0",
      "resolved": "https://registry.npmjs.org/path-exists/-/path-exists-3.0.0.tgz",
      "integrity": "sha1-zg6+ql94yxiSXqfYENe1mwEP1RU="
    },
    "path-is-absolute": {
      "version": "1.0.1",
      "resolved": "https://registry.npmjs.org/path-is-absolute/-/path-is-absolute-1.0.1.tgz",
      "integrity": "sha1-F0uSaHNVNP+8es5r9TpanhtcX18="
    },
    "prop-types": {
      "version": "15.6.2",
      "resolved": "https://registry.npmjs.org/prop-types/-/prop-types-15.6.2.tgz",
      "integrity": "sha512-3pboPvLiWD7dkI3qf3KbUe6hKFKa52w+AE0VCqECtf+QHAKgOL37tTaNCnuX1nAAQ4ZhyP+kYVKf8rLmJ/feDQ==",
      "requires": {
        "loose-envify": "^1.3.1",
        "object-assign": "^4.1.1"
      }
    },
    "prop-types-extra": {
      "version": "1.1.0",
      "resolved": "https://registry.npmjs.org/prop-types-extra/-/prop-types-extra-1.1.0.tgz",
      "integrity": "sha512-QFyuDxvMipmIVKD2TwxLVPzMnO4e5oOf1vr3tJIomL8E7d0lr6phTHd5nkPhFIzTD1idBLLEPeylL9g+rrTzRg==",
      "requires": {
        "react-is": "^16.3.2",
        "warning": "^3.0.0"
      }
    },
    "pupa": {
      "version": "1.0.0",
      "resolved": "https://registry.npmjs.org/pupa/-/pupa-1.0.0.tgz",
      "integrity": "sha1-mpVopa9+ZXuEYqbp1TKHQ1YM7/Y="
    },
    "react": {
      "version": "16.6.3",
      "resolved": "https://registry.npmjs.org/react/-/react-16.6.3.tgz",
      "integrity": "sha512-zCvmH2vbEolgKxtqXL2wmGCUxUyNheYn/C+PD1YAjfxHC54+MhdruyhO7QieQrYsYeTxrn93PM2y0jRH1zEExw==",
      "requires": {
        "loose-envify": "^1.1.0",
        "object-assign": "^4.1.1",
        "prop-types": "^15.6.2",
        "scheduler": "^0.11.2"
      }
    },
    "react-bootstrap": {
      "version": "0.32.4",
      "resolved": "https://registry.npmjs.org/react-bootstrap/-/react-bootstrap-0.32.4.tgz",
      "integrity": "sha512-xj+JfaPOvnvr3ow0aHC7Y3HaBKZNR1mm361hVxVzVX3fcdJNIrfiodbQ0m9nLBpNxiKG6FTU2lq/SbTDYT2vew==",
      "requires": {
        "@babel/runtime-corejs2": "^7.0.0",
        "classnames": "^2.2.5",
        "dom-helpers": "^3.2.0",
        "invariant": "^2.2.4",
        "keycode": "^2.2.0",
        "prop-types": "^15.6.1",
        "prop-types-extra": "^1.0.1",
        "react-overlays": "^0.8.0",
        "react-prop-types": "^0.4.0",
        "react-transition-group": "^2.0.0",
        "uncontrollable": "^5.0.0",
        "warning": "^3.0.0"
      }
    },
    "react-dom": {
      "version": "16.6.3",
      "resolved": "https://registry.npmjs.org/react-dom/-/react-dom-16.6.3.tgz",
      "integrity": "sha512-8ugJWRCWLGXy+7PmNh8WJz3g1TaTUt1XyoIcFN+x0Zbkoz+KKdUyx1AQLYJdbFXjuF41Nmjn5+j//rxvhFjgSQ==",
      "requires": {
        "loose-envify": "^1.1.0",
        "object-assign": "^4.1.1",
        "prop-types": "^15.6.2",
        "scheduler": "^0.11.2"
      }
    },
    "react-is": {
      "version": "16.7.0",
      "resolved": "https://registry.npmjs.org/react-is/-/react-is-16.7.0.tgz",
      "integrity": "sha512-Z0VRQdF4NPDoI0tsXVMLkJLiwEBa+RP66g0xDHxgxysxSoCUccSten4RTF/UFvZF1dZvZ9Zu1sx+MDXwcOR34g=="
    },
    "react-lifecycles-compat": {
      "version": "3.0.4",
      "resolved": "https://registry.npmjs.org/react-lifecycles-compat/-/react-lifecycles-compat-3.0.4.tgz",
      "integrity": "sha512-fBASbA6LnOU9dOU2eW7aQ8xmYBSXUIWr+UmF9b1efZBazGNO+rcXT/icdKnYm2pTwcRylVUYwW7H1PHfLekVzA=="
    },
    "react-overlays": {
      "version": "0.8.3",
      "resolved": "https://registry.npmjs.org/react-overlays/-/react-overlays-0.8.3.tgz",
      "integrity": "sha512-h6GT3jgy90PgctleP39Yu3eK1v9vaJAW73GOA/UbN9dJ7aAN4BTZD6793eI1D5U+ukMk17qiqN/wl3diK1Z5LA==",
      "requires": {
        "classnames": "^2.2.5",
        "dom-helpers": "^3.2.1",
        "prop-types": "^15.5.10",
        "prop-types-extra": "^1.0.1",
        "react-transition-group": "^2.2.0",
        "warning": "^3.0.0"
      }
    },
    "react-prop-types": {
      "version": "0.4.0",
      "resolved": "https://registry.npmjs.org/react-prop-types/-/react-prop-types-0.4.0.tgz",
      "integrity": "sha1-+ZsL+0AGkpya8gUefBQUpcdbk9A=",
      "requires": {
        "warning": "^3.0.0"
      }
    },
    "react-transition-group": {
      "version": "2.5.0",
      "resolved": "https://registry.npmjs.org/react-transition-group/-/react-transition-group-2.5.0.tgz",
      "integrity": "sha512-qYB3JBF+9Y4sE4/Mg/9O6WFpdoYjeeYqx0AFb64PTazVy8RPMiE3A47CG9QmM4WJ/mzDiZYslV+Uly6O1Erlgw==",
      "requires": {
        "dom-helpers": "^3.3.1",
        "loose-envify": "^1.4.0",
        "prop-types": "^15.6.2",
        "react-lifecycles-compat": "^3.0.4"
      }
    },
    "regenerator-runtime": {
      "version": "0.12.1",
      "resolved": "https://registry.npmjs.org/regenerator-runtime/-/regenerator-runtime-0.12.1.tgz",
      "integrity": "sha512-odxIc1/vDlo4iZcfXqRYFj0vpXFNoGdKMAUieAlFYO6m/nl5e9KR/beGf41z4a1FI+aQgtjhuaSlDxQ0hmkrHg=="
    },
    "rimraf": {
      "version": "2.6.3",
      "resolved": "https://registry.npmjs.org/rimraf/-/rimraf-2.6.3.tgz",
      "integrity": "sha512-mwqeW5XsA2qAejG46gYdENaxXjx9onRNCfn7L0duuP4hCuTIi/QO7PDK07KJfp1d+izWPrzEJDcSqBa0OZQriA==",
      "requires": {
        "glob": "^7.1.3"
      }
    },
    "sax": {
      "version": "1.2.4",
      "resolved": "https://registry.npmjs.org/sax/-/sax-1.2.4.tgz",
      "integrity": "sha512-NqVDv9TpANUjFm0N8uM5GxL36UgKi9/atZw+x7YFnQ8ckwFGKrl4xX4yWtrey3UJm5nP1kUbnYgLopqWNSRhWw=="
    },
    "scheduler": {
      "version": "0.11.3",
      "resolved": "https://registry.npmjs.org/scheduler/-/scheduler-0.11.3.tgz",
      "integrity": "sha512-i9X9VRRVZDd3xZw10NY5Z2cVMbdYg6gqFecfj79USv1CFN+YrJ3gIPRKf1qlY+Sxly4djoKdfx1T+m9dnRB8kQ==",
      "requires": {
        "loose-envify": "^1.1.0",
        "object-assign": "^4.1.1"
      }
    },
    "semver": {
      "version": "5.5.0",
      "resolved": "https://registry.npmjs.org/semver/-/semver-5.5.0.tgz",
      "integrity": "sha512-4SJ3dm0WAwWy/NVeioZh5AntkdJoWKxHxcmyP622fOkgHa4z3R0TdBJICINyaSDE6uNwVc8gZr+ZinwZAH4xIA=="
    },
    "simple-spellchecker": {
      "version": "0.9.8",
      "resolved": "https://registry.npmjs.org/simple-spellchecker/-/simple-spellchecker-0.9.8.tgz",
      "integrity": "sha512-RGgpBBn4p65nOhZdBHDt84Remz3QvmoQDppKJX0tYS53SbuUJwm7zG1swT5O770zPvN6wZaZlc8ie/jwlZbeHA==",
      "requires": {
        "binarysearch": "^0.2.4",
        "damerau-levenshtein": "git://github.com/cbaatz/damerau-levenshtein.git",
        "strip-bom": "^2.0.0",
        "unzip-stream": "^0.3.0"
      }
    },
    "slice-ansi": {
      "version": "2.1.0",
      "resolved": "https://registry.npmjs.org/slice-ansi/-/slice-ansi-2.1.0.tgz",
      "integrity": "sha512-Qu+VC3EwYLldKa1fCxuuvULvSJOKEgk9pi8dZeCVK7TqBfUNTH4sFkk4joj8afVSfAYgJoSOetjx9QWOJ5mYoQ==",
      "requires": {
        "ansi-styles": "^3.2.0",
        "astral-regex": "^1.0.0",
        "is-fullwidth-code-point": "^2.0.0"
      },
      "dependencies": {
        "is-fullwidth-code-point": {
          "version": "2.0.0",
          "resolved": "https://registry.npmjs.org/is-fullwidth-code-point/-/is-fullwidth-code-point-2.0.0.tgz",
          "integrity": "sha1-o7MKXE8ZkYMWeqq5O+764937ZU8="
        }
      }
    },
    "sort-keys": {
      "version": "1.1.2",
      "resolved": "https://registry.npmjs.org/sort-keys/-/sort-keys-1.1.2.tgz",
      "integrity": "sha1-RBttTTRnmPG05J6JIK37oOVD+a0=",
      "requires": {
        "is-plain-obj": "^1.0.0"
      }
    },
    "sort-keys-length": {
      "version": "1.0.1",
      "resolved": "https://registry.npmjs.org/sort-keys-length/-/sort-keys-length-1.0.1.tgz",
      "integrity": "sha1-nLb09OnkgVWmqgZx7dM2/xR5oYg=",
      "requires": {
        "sort-keys": "^1.0.0"
      }
    },
    "source-map": {
      "version": "0.6.1",
      "resolved": "https://registry.npmjs.org/source-map/-/source-map-0.6.1.tgz",
      "integrity": "sha512-UjgapumWlbMhkBgzT7Ykc5YXUT46F0iKu8SGXq0bcwP5dz/h0Plj6enJqjz1Zbq2l5WaqYnrVbwWOWMyF3F47g=="
    },
    "source-map-support": {
      "version": "0.5.9",
      "resolved": "https://registry.npmjs.org/source-map-support/-/source-map-support-0.5.9.tgz",
      "integrity": "sha512-gR6Rw4MvUlYy83vP0vxoVNzM6t8MUXqNuRsuBmBHQDu1Fh6X015FrLdgoDKcNdkwGubozq0P4N0Q37UyFVr1EA==",
      "requires": {
        "buffer-from": "^1.0.0",
        "source-map": "^0.6.0"
      }
    },
    "sprintf-js": {
      "version": "1.0.3",
      "resolved": "https://registry.npmjs.org/sprintf-js/-/sprintf-js-1.0.3.tgz",
      "integrity": "sha1-BOaSb2YolTVPPdAVIDYzuFcpfiw="
    },
    "string-width": {
      "version": "1.0.2",
      "resolved": "https://registry.npmjs.org/string-width/-/string-width-1.0.2.tgz",
      "integrity": "sha1-EYvfW4zcUaKn5w0hHgfisLmxB9M=",
      "requires": {
        "code-point-at": "^1.0.0",
        "is-fullwidth-code-point": "^1.0.0",
        "strip-ansi": "^3.0.0"
      }
    },
    "strip-ansi": {
      "version": "3.0.1",
      "resolved": "https://registry.npmjs.org/strip-ansi/-/strip-ansi-3.0.1.tgz",
      "integrity": "sha1-ajhfuIU9lS1f8F0Oiq+UJ43GPc8=",
      "requires": {
        "ansi-regex": "^2.0.0"
      }
    },
    "strip-bom": {
      "version": "2.0.0",
      "resolved": "https://registry.npmjs.org/strip-bom/-/strip-bom-2.0.0.tgz",
      "integrity": "sha1-YhmoVhZSBJHzV4i9vxRHqZx+aw4=",
      "requires": {
        "is-utf8": "^0.2.0"
      }
    },
    "traverse": {
      "version": "0.3.9",
      "resolved": "https://registry.npmjs.org/traverse/-/traverse-0.3.9.tgz",
      "integrity": "sha1-cXuPIgzAu3tE5AUUwisui7xw2Lk="
    },
    "uncontrollable": {
      "version": "5.1.0",
      "resolved": "https://registry.npmjs.org/uncontrollable/-/uncontrollable-5.1.0.tgz",
      "integrity": "sha512-5FXYaFANKaafg4IVZXUNtGyzsnYEvqlr9wQ3WpZxFpEUxl29A3H6Q4G1Dnnorvq9TGOGATBApWR4YpLAh+F5hw==",
      "requires": {
        "invariant": "^2.2.4"
      }
    },
    "underscore": {
      "version": "1.9.1",
      "resolved": "https://registry.npmjs.org/underscore/-/underscore-1.9.1.tgz",
      "integrity": "sha512-5/4etnCkd9c8gwgowi5/om/mYO5ajCaOgdzj/oW+0eQV9WxKBDZw5+ycmKmeaTXjInS/W0BzpGLo2xR2aBwZdg=="
    },
    "universalify": {
      "version": "0.1.2",
      "resolved": "https://registry.npmjs.org/universalify/-/universalify-0.1.2.tgz",
      "integrity": "sha512-rBJeI5CXAlmy1pV+617WB9J63U6XcazHHF2f2dbJix4XzpUF0RS3Zbj0FGIOCAva5P/d/GBOYaACQ1w+0azUkg=="
    },
    "untildify": {
      "version": "3.0.3",
      "resolved": "https://registry.npmjs.org/untildify/-/untildify-3.0.3.tgz",
      "integrity": "sha512-iSk/J8efr8uPT/Z4eSUywnqyrQU7DSdMfdqK4iWEaUVVmcP5JcnpRqmVMwcwcnmI1ATFNgC5V90u09tBynNFKA=="
    },
    "unused-filename": {
      "version": "1.0.0",
      "resolved": "https://registry.npmjs.org/unused-filename/-/unused-filename-1.0.0.tgz",
      "integrity": "sha1-00CID3GuIRXrqhMlvvBcxmhEacY=",
      "requires": {
        "modify-filename": "^1.1.0",
        "path-exists": "^3.0.0"
      }
    },
    "unzip-stream": {
      "version": "0.3.0",
      "resolved": "https://registry.npmjs.org/unzip-stream/-/unzip-stream-0.3.0.tgz",
      "integrity": "sha512-NG1h/MdGIX3HzyqMjyj1laBCmlPYhcO4xEy7gEqqzGiSLw7XqDQCnY4nYSn5XSaH8mQ6TFkaujrO8d/PIZN85A==",
      "requires": {
        "binary": "^0.3.0",
        "mkdirp": "^0.5.1"
      }
    },
    "valid-url": {
      "version": "1.0.9",
      "resolved": "https://registry.npmjs.org/valid-url/-/valid-url-1.0.9.tgz",
      "integrity": "sha1-HBRHm0DxOXp1eC8RXkCGRHQzogA="
    },
    "warning": {
      "version": "3.0.0",
      "resolved": "https://registry.npmjs.org/warning/-/warning-3.0.0.tgz",
      "integrity": "sha1-MuU3fLVy3kqwR1O9+IIcAe1gW3w=",
      "requires": {
        "loose-envify": "^1.0.0"
      }
    },
    "window-size": {
      "version": "0.1.4",
      "resolved": "https://registry.npmjs.org/window-size/-/window-size-0.1.4.tgz",
      "integrity": "sha1-+OGqHuWlPsW/FR/6CXQqatdpeHY="
    },
    "winreg": {
      "version": "1.2.4",
      "resolved": "https://registry.npmjs.org/winreg/-/winreg-1.2.4.tgz",
      "integrity": "sha1-ugZWKbepJRMOFXeRCM9UCZDpjRs="
    },
    "wrap-ansi": {
      "version": "2.1.0",
      "resolved": "https://registry.npmjs.org/wrap-ansi/-/wrap-ansi-2.1.0.tgz",
      "integrity": "sha1-2Pw9KE3QV5T+hJc8rs3Rz4JP3YU=",
      "requires": {
        "string-width": "^1.0.1",
        "strip-ansi": "^3.0.1"
      }
    },
    "wrappy": {
      "version": "1.0.2",
      "resolved": "https://registry.npmjs.org/wrappy/-/wrappy-1.0.2.tgz",
      "integrity": "sha1-tSQ9jz7BqjXxNkYFvA0QNuMKtp8="
    },
    "y18n": {
      "version": "3.2.1",
      "resolved": "https://registry.npmjs.org/y18n/-/y18n-3.2.1.tgz",
      "integrity": "sha1-bRX7qITAhnnA136I53WegR4H+kE="
    },
    "yargs": {
      "version": "3.32.0",
      "resolved": "https://registry.npmjs.org/yargs/-/yargs-3.32.0.tgz",
      "integrity": "sha1-AwiOnr+edWtpdRYR0qXvWRSCyZU=",
      "requires": {
        "camelcase": "^2.0.1",
        "cliui": "^3.0.3",
        "decamelize": "^1.1.1",
        "os-locale": "^1.4.0",
        "string-width": "^1.0.1",
        "window-size": "^0.1.4",
        "y18n": "^3.2.0"
      }
    }
  }
}
